version = 1
requires-python = ">=3.10"

[[package]]
name = "chameleon"
version = "4.5.4"
source = { registry = "https://pypi.org/simple" }
sdist = { url = "https://files.pythonhosted.org/packages/00/d0/c686d98510ce9ed5764284c119ec16959c67ac295928673f970df0dc4d4a/Chameleon-4.5.4.tar.gz", hash = "sha256:42f646e1208e8cdcc106182b246adf11900e89cbe4440ba334d28c4087bb02f1", size = 180464 }
wheels = [
    { url = "https://files.pythonhosted.org/packages/c3/93/81bdaab379a5908876a1029e73fa85e2d90fe04cbc1c2200b3179bc19a75/Chameleon-4.5.4-py3-none-any.whl", hash = "sha256:efca0e1c796ec8f0fa011d90940d48a8f935e23757d6fa95c1c032f235a73f13", size = 88207 },
]

[[package]]
name = "kisesi"
version = "0.3.0"
source = { registry = "https://pypi.org/simple" }
sdist = { url = "https://files.pythonhosted.org/packages/d7/49/18fea33c5ff0aa762fa65b8d50205b23a912520811ede088f5ba8fc6ec3a/kisesi-0.3.0.tar.gz", hash = "sha256:4d4c545791cf9cef2d52159c31e15e174ebc8979044fabc8897d868ac10a9aaf", size = 3440 }
wheels = [
    { url = "https://files.pythonhosted.org/packages/e9/75/b8cda91e6bcc23320eb5835881f659507b08e9dfe67f9a399ae7ac36c1a7/kisesi-0.3.0-py3-none-any.whl", hash = "sha256:0912209bf4c14f5cfa291e5256391e58c0729010203da51101af791f8d7ec2ef", size = 4205 },
]

[[package]]
name = "ln-gen"
version = "0.1.0"
source = { virtual = "." }
dependencies = [
    { name = "chameleon" },
    { name = "kisesi" },
]

[package.metadata]
requires-dist = [
    { name = "chameleon", specifier = ">=4.5.4" },
    { name = "kisesi", specifier = ">=0.3.0" },
]
